
Microsoft Visual Studio Solution File, Format Version 12.00
# Visual Studio 15
VisualStudioVersion = 15.0.26730.10
MinimumVisualStudioVersion = 10.0.40219.1
Project("{FAE04EC0-301F-11D3-BF4B-00C04F79EFBC}") = "Passport", "Passport\Passport.csproj", "{58661650-30F4-4409-A299-58BCF8E2AABD}"
EndProject
Project("{FAE04EC0-301F-11D3-BF4B-00C04F79EFBC}") = "Order", "Order\Order.csproj", "{A52F57FD-6513-4C72-94BB-5748D9BBE649}"
EndProject
Project("{FAE04EC0-301F-11D3-BF4B-00C04F79EFBC}") = "Portal", "Portal\Portal.csproj", "{4032F540-4A00-4714-92BC-67EA2A0E0074}"
EndProject
Global
	GlobalSection(SolutionConfigurationPlatforms) = preSolution
		Debug|Any CPU = Debug|Any CPU
		Release|Any CPU = Release|Any CPU
	EndGlobalSection
	GlobalSection(ProjectConfigurationPlatforms) = postSolution
		{58661650-30F4-4409-A299-58BCF8E2AABD}.Debug|Any CPU.ActiveCfg = Debug|Any CPU
		{58661650-30F4-4409-A299-58BCF8E2AABD}.Debug|Any CPU.Build.0 = Debug|Any CPU
		{58661650-30F4-4409-A299-58BCF8E2AABD}.Release|Any CPU.ActiveCfg = Release|Any CPU
		{58661650-30F4-4409-A299-58BCF8E2AABD}.Release|Any CPU.Build.0 = Release|Any CPU
		{A52F57FD-6513-4C72-94BB-5748D9BBE649}.Debug|Any CPU.ActiveCfg = Debug|Any CPU
		{A52F57FD-6513-4C72-94BB-5748D9BBE649}.Debug|Any CPU.Build.0 = Debug|Any CPU
		{A52F57FD-6513-4C72-94BB-5748D9BBE649}.Release|Any CPU.ActiveCfg = Release|Any CPU
		{A52F57FD-6513-4C72-94BB-5748D9BBE649}.Release|Any CPU.Build.0 = Release|Any CPU
		{4032F540-4A00-4714-92BC-67EA2A0E0074}.Debug|Any CPU.ActiveCfg = Debug|Any CPU
		{4032F540-4A00-4714-92BC-67EA2A0E0074}.Debug|Any CPU.Build.0 = Debug|Any CPU
		{4032F540-4A00-4714-92BC-67EA2A0E0074}.Release|Any CPU.ActiveCfg = Release|Any CPU
		{4032F540-4A00-4714-92BC-67EA2A0E0074}.Release|Any CPU.Build.0 = Release|Any CPU
	EndGlobalSection
	GlobalSection(SolutionProperties) = preSolution
		HideSolutionNode = FALSE
	EndGlobalSection
	GlobalSection(ExtensibilityGlobals) = postSolution
		SolutionGuid = {954E5C62-6C99-4202-836B-0244D050B4D7}
	EndGlobalSection
EndGlobal
